<Solution>
  <Folder Name="/src/">
    <Project Path="src/FamilyFinance.Api/FamilyFinance.Api.csproj" />
    <Project Path="src/FamilyFinance.Application/FamilyFinance.Application.csproj" />
    <Project Path="src/FamilyFinance.Domain/FamilyFinance.Domain.csproj" />
    <Project Path="src/FamilyFinance.Infrastructure/FamilyFinance.Infrastructure.csproj" />
  </Folder>
  <Folder Name="/tests/">
    <Project Path="tests/FamilyFinance.Application.Tests/FamilyFinance.Application.Tests.csproj" />
    <Project Path="tests/FamilyFinance.Domain.Tests/FamilyFinance.Domain.Tests.csproj" />
  </Folder>
</Solution>
