Microsoft Visual Studio Solution File, Format Version 12.00
# Visual Studio Version 17
VisualStudioVersion = 17.5.2.0
MinimumVisualStudioVersion = 10.0.40219.1
Project("{FAE04EC0-301F-11D3-BF4B-00C04F79EFBC}") = "workspaces", "workspaces.csproj", "{82EC373F-A3FC-A0D5-86B8-E50B2092D509}"
EndProject
Global
	GlobalSection(SolutionConfigurationPlatforms) = preSolution
		Debug|Any CPU = Debug|Any CPU
		Release|Any CPU = Release|Any CPU
	EndGlobalSection
	GlobalSection(ProjectConfigurationPlatforms) = postSolution
		{82EC373F-A3FC-A0D5-86B8-E50B2092D509}.Debug|Any CPU.ActiveCfg = Debug|Any CPU
		{82EC373F-A3FC-A0D5-86B8-E50B2092D509}.Debug|Any CPU.Build.0 = Debug|Any CPU
		{82EC373F-A3FC-A0D5-86B8-E50B2092D509}.Release|Any CPU.ActiveCfg = Release|Any CPU
		{82EC373F-A3FC-A0D5-86B8-E50B2092D509}.Release|Any CPU.Build.0 = Release|Any CPU
	EndGlobalSection
	GlobalSection(SolutionProperties) = preSolution
		HideSolutionNode = FALSE
	EndGlobalSection
	GlobalSection(ExtensibilityGlobals) = postSolution
		SolutionGuid = {213CE67B-8410-4609-9884-BB016D58B5D2}
	EndGlobalSection
EndGlobal
